<?xml version="1.0" encoding="UTF-8" standalone="yes" ?>
<CodeBlocks_project_file>
	<FileVersion major="1" minor="6" />
	<Project>
		<Option title="ImageProcessor" />
		<Option pch_mode="2" />
		<Option compiler="gcc" />
		<Build>
			<Target title="Debug">
				<Option output="Build/ImageProcessor.hdi" prefix_auto="1" extension_auto="0" />
				<Option working_dir="Build/" />
				<Option object_output="Garbage/" />
				<Option type="1" />
				<Option compiler="gcc" />
				<Compiler>
					<Add option="-g" />
				</Compiler>
			</Target>
			<Target title="Release">
				<Option output="Build/ImageProcessor.hdi" prefix_auto="1" extension_auto="0" />
				<Option working_dir="Build/" />
				<Option object_output="Garbage/" />
				<Option type="1" />
				<Option compiler="gcc" />
				<Compiler>
					<Add option="-O2" />
				</Compiler>
				<Linker>
					<Add option="-s" />
				</Linker>
			</Target>
		</Build>
		<Compiler>
			<Add option="-Wall" />
			<Add option="-fexceptions" />
			<Add option="-fopenmp" />
			<Add option="-msse4" />
			<Add directory="/usr/local/include" />
			<Add directory="Lib" />
		</Compiler>
		<Linker>
			<Add library="gomp" />
			<Add library="X11" />
			<Add library="Lib/libDevIL/libIL.a" />
			<Add library="Lib/libDevIL/libILU.a" />
			<Add library="Lib/libDevIL/libILUT.a" />
			<Add library="Lib/libpng/libpng.a" />
			<Add library="Lib/libjpeg/libjpeg.a" />
			<Add library="Lib/libz/libz.a" />
			<Add library="Lib/MRF/libMRF.a" />
		</Linker>
		<Unit filename="Source/Common/Common.h" />
		<Unit filename="Source/Common/Terms.h" />
		<Unit filename="Source/Common/Texture.cpp" />
		<Unit filename="Source/Common/Texture.h" />
		<Unit filename="Source/Common/Tools.cpp" />
		<Unit filename="Source/Common/Tools.h" />
		<Unit filename="Source/Program.cpp" />
		<Unit filename="Source/Program.h" />
		<Extensions>
			<envvars />
			<code_completion />
			<lib_finder disable_auto="1" />
			<debugger>
				<search_path add="/home/magurosenbei/Workspace/ImageProcessor/Build" />
			</debugger>
		</Extensions>
	</Project>
</CodeBlocks_project_file>
